// !$*UTF8*$!
{
	archiveVersion = 1;
	classes = {
	};
	objectVersion = 50;
	objects = {

/* Begin PBXBuildFile section */
		7527E0CB24B021E700DA2F41 /* AppDelegate.swift in Sources */ = {isa = PBXBuildFile; fileRef = 7527E0CA24B021E700DA2F41 /* AppDelegate.swift */; };
		7527E0CD24B021E700DA2F41 /* Scene.sks in Resources */ = {isa = PBXBuildFile; fileRef = 7527E0CC24B021E700DA2F41 /* Scene.sks */; };
		7527E0CF24B021E700DA2F41 /* Scene.swift in Sources */ = {isa = PBXBuildFile; fileRef = 7527E0CE24B021E700DA2F41 /* Scene.swift */; };
		7527E0D124B021E700DA2F41 /* ViewController.swift in Sources */ = {isa = PBXBuildFile; fileRef = 7527E0D024B021E700DA2F41 /* ViewController.swift */; };
		7527E0D424B021E700DA2F41 /* Main.storyboard in Resources */ = {isa = PBXBuildFile; fileRef = 7527E0D224B021E700DA2F41 /* Main.storyboard */; };
		7527E0D624B021E900DA2F41 /* Assets.xcassets in Resources */ = {isa = PBXBuildFile; fileRef = 7527E0D524B021E900DA2F41 /* Assets.xcassets */; };
		7527E0D924B021E900DA2F41 /* LaunchScreen.storyboard in Resources */ = {isa = PBXBuildFile; fileRef = 7527E0D724B021E900DA2F41 /* LaunchScreen.storyboard */; };
		7527E0E424B021E900DA2F41 /* ARSpaceInvaderTests.swift in Sources */ = {isa = PBXBuildFile; fileRef = 7527E0E324B021E900DA2F41 /* ARSpaceInvaderTests.swift */; };
		7527E0EF24B021E900DA2F41 /* ARSpaceInvaderUITests.swift in Sources */ = {isa = PBXBuildFile; fileRef = 7527E0EE24B021E900DA2F41 /* ARSpaceInvaderUITests.swift */; };
		75AD586524B05B260012278F /* Anchor.swift in Sources */ = {isa = PBXBuildFile; fileRef = 75AD586424B05B260012278F /* Anchor.swift */; };
		75AD586824B091030012278F /* sfx_weapon_shotgun1.wav in Resources */ = {isa = PBXBuildFile; fileRef = 75AD586724B091030012278F /* sfx_weapon_shotgun1.wav */; };
		75AD586A24B0EF490012278F /* GameOverScene.sks in Resources */ = {isa = PBXBuildFile; fileRef = 75AD586924B0EF490012278F /* GameOverScene.sks */; };
		75AD586C24B0EF8D0012278F /* GameOverScene.swift in Sources */ = {isa = PBXBuildFile; fileRef = 75AD586B24B0EF8D0012278F /* GameOverScene.swift */; };
		75AD586E24B0F4B40012278F /* SpriteLibrary.swift in Sources */ = {isa = PBXBuildFile; fileRef = 75AD586D24B0F4B40012278F /* SpriteLibrary.swift */; };
		75D639FC24B0F84B0076BC90 /* StartGameScene.swift in Sources */ = {isa = PBXBuildFile; fileRef = 75D639FB24B0F84B0076BC90 /* StartGameScene.swift */; };
		75D639FE24B0F9910076BC90 /* StartGameScene.sks in Resources */ = {isa = PBXBuildFile; fileRef = 75D639FD24B0F9910076BC90 /* StartGameScene.sks */; };
/* End PBXBuildFile section */

/* Begin PBXContainerItemProxy section */
		7527E0E024B021E900DA2F41 /* PBXContainerItemProxy */ = {
			isa = PBXContainerItemProxy;
			containerPortal = 7527E0BF24B021E700DA2F41 /* Project object */;
			proxyType = 1;
			remoteGlobalIDString = 7527E0C624B021E700DA2F41;
			remoteInfo = ARSpaceInvader;
		};
		7527E0EB24B021E900DA2F41 /* PBXContainerItemProxy */ = {
			isa = PBXContainerItemProxy;
			containerPortal = 7527E0BF24B021E700DA2F41 /* Project object */;
			proxyType = 1;
			remoteGlobalIDString = 7527E0C624B021E700DA2F41;
			remoteInfo = ARSpaceInvader;
		};
/* End PBXContainerItemProxy section */

/* Begin PBXFileReference section */
		7527E0C724B021E700DA2F41 /* ARSpaceInvader.app */ = {isa = PBXFileReference; explicitFileType = wrapper.application; includeInIndex = 0; path = ARSpaceInvader.app; sourceTree = BUILT_PRODUCTS_DIR; };
		7527E0CA24B021E700DA2F41 /* AppDelegate.swift */ = {isa = PBXFileReference; lastKnownFileType = sourcecode.swift; path = AppDelegate.swift; sourceTree = "<group>"; };
		7527E0CC24B021E700DA2F41 /* Scene.sks */ = {isa = PBXFileReference; lastKnownFileType = file.sks; path = Scene.sks; sourceTree = "<group>"; };
		7527E0CE24B021E700DA2F41 /* Scene.swift */ = {isa = PBXFileReference; lastKnownFileType = sourcecode.swift; path = Scene.swift; sourceTree = "<group>"; };
		7527E0D024B021E700DA2F41 /* ViewController.swift */ = {isa = PBXFileReference; lastKnownFileType = sourcecode.swift; path = ViewController.swift; sourceTree = "<group>"; };
		7527E0D324B021E700DA2F41 /* Base */ = {isa = PBXFileReference; lastKnownFileType = file.storyboard; name = Base; path = Base.lproj/Main.storyboard; sourceTree = "<group>"; };
		7527E0D524B021E900DA2F41 /* Assets.xcassets */ = {isa = PBXFileReference; lastKnownFileType = folder.assetcatalog; path = Assets.xcassets; sourceTree = "<group>"; };
		7527E0D824B021E900DA2F41 /* Base */ = {isa = PBXFileReference; lastKnownFileType = file.storyboard; name = Base; path = Base.lproj/LaunchScreen.storyboard; sourceTree = "<group>"; };
		7527E0DA24B021E900DA2F41 /* Info.plist */ = {isa = PBXFileReference; lastKnownFileType = text.plist.xml; path = Info.plist; sourceTree = "<group>"; };
		7527E0DF24B021E900DA2F41 /* ARSpaceInvaderTests.xctest */ = {isa = PBXFileReference; explicitFileType = wrapper.cfbundle; includeInIndex = 0; path = ARSpaceInvaderTests.xctest; sourceTree = BUILT_PRODUCTS_DIR; };
		7527E0E324B021E900DA2F41 /* ARSpaceInvaderTests.swift */ = {isa = PBXFileReference; lastKnownFileType = sourcecode.swift; path = ARSpaceInvaderTests.swift; sourceTree = "<group>"; };
		7527E0E524B021E900DA2F41 /* Info.plist */ = {isa = PBXFileReference; lastKnownFileType = text.plist.xml; path = Info.plist; sourceTree = "<group>"; };
		7527E0EA24B021E900DA2F41 /* ARSpaceInvaderUITests.xctest */ = {isa = PBXFileReference; explicitFileType = wrapper.cfbundle; includeInIndex = 0; path = ARSpaceInvaderUITests.xctest; sourceTree = BUILT_PRODUCTS_DIR; };
		7527E0EE24B021E900DA2F41 /* ARSpaceInvaderUITests.swift */ = {isa = PBXFileReference; lastKnownFileType = sourcecode.swift; path = ARSpaceInvaderUITests.swift; sourceTree = "<group>"; };
		7527E0F024B021E900DA2F41 /* Info.plist */ = {isa = PBXFileReference; lastKnownFileType = text.plist.xml; path = Info.plist; sourceTree = "<group>"; };
		75AD586424B05B260012278F /* Anchor.swift */ = {isa = PBXFileReference; lastKnownFileType = sourcecode.swift; path = Anchor.swift; sourceTree = "<group>"; };
		75AD586724B091030012278F /* sfx_weapon_shotgun1.wav */ = {isa = PBXFileReference; lastKnownFileType = audio.wav; path = sfx_weapon_shotgun1.wav; sourceTree = "<group>"; };
		75AD586924B0EF490012278F /* GameOverScene.sks */ = {isa = PBXFileReference; lastKnownFileType = file.sks; path = GameOverScene.sks; sourceTree = "<group>"; };
		75AD586B24B0EF8D0012278F /* GameOverScene.swift */ = {isa = PBXFileReference; lastKnownFileType = sourcecode.swift; path = GameOverScene.swift; sourceTree = "<group>"; };
		75AD586D24B0F4B40012278F /* SpriteLibrary.swift */ = {isa = PBXFileReference; lastKnownFileType = sourcecode.swift; path = SpriteLibrary.swift; sourceTree = "<group>"; };
		75D639FB24B0F84B0076BC90 /* StartGameScene.swift */ = {isa = PBXFileReference; lastKnownFileType = sourcecode.swift; path = StartGameScene.swift; sourceTree = "<group>"; };
		75D639FD24B0F9910076BC90 /* StartGameScene.sks */ = {isa = PBXFileReference; lastKnownFileType = file.sks; path = StartGameScene.sks; sourceTree = "<group>"; };
/* End PBXFileReference section */

/* Begin PBXFrameworksBuildPhase section */
		7527E0C424B021E700DA2F41 /* Frameworks */ = {
			isa = PBXFrameworksBuildPhase;
			buildActionMask = 2147483647;
			files = (
			);
			runOnlyForDeploymentPostprocessing = 0;
		};
		7527E0DC24B021E900DA2F41 /* Frameworks */ = {
			isa = PBXFrameworksBuildPhase;
			buildActionMask = 2147483647;
			files = (
			);
			runOnlyForDeploymentPostprocessing = 0;
		};
		7527E0E724B021E900DA2F41 /* Frameworks */ = {
			isa = PBXFrameworksBuildPhase;
			buildActionMask = 2147483647;
			files = (
			);
			runOnlyForDeploymentPostprocessing = 0;
		};
/* End PBXFrameworksBuildPhase section */

/* Begin PBXGroup section */
		7527E0BE24B021E700DA2F41 = {
			isa = PBXGroup;
			children = (
				7527E0C924B021E700DA2F41 /* ARSpaceInvader */,
				7527E0E224B021E900DA2F41 /* ARSpaceInvaderTests */,
				7527E0ED24B021E900DA2F41 /* ARSpaceInvaderUITests */,
				7527E0C824B021E700DA2F41 /* Products */,
			);
			sourceTree = "<group>";
		};
		7527E0C824B021E700DA2F41 /* Products */ = {
			isa = PBXGroup;
			children = (
				7527E0C724B021E700DA2F41 /* ARSpaceInvader.app */,
				7527E0DF24B021E900DA2F41 /* ARSpaceInvaderTests.xctest */,
				7527E0EA24B021E900DA2F41 /* ARSpaceInvaderUITests.xctest */,
			);
			name = Products;
			sourceTree = "<group>";
		};
		7527E0C924B021E700DA2F41 /* ARSpaceInvader */ = {
			isa = PBXGroup;
			children = (
				75AD586624B090E50012278F /* Sound */,
				7527E0CA24B021E700DA2F41 /* AppDelegate.swift */,
				7527E0CC24B021E700DA2F41 /* Scene.sks */,
				7527E0CE24B021E700DA2F41 /* Scene.swift */,
				75AD586424B05B260012278F /* Anchor.swift */,
				75AD586D24B0F4B40012278F /* SpriteLibrary.swift */,
				7527E0D024B021E700DA2F41 /* ViewController.swift */,
				75AD586924B0EF490012278F /* GameOverScene.sks */,
				75AD586B24B0EF8D0012278F /* GameOverScene.swift */,
				75D639FB24B0F84B0076BC90 /* StartGameScene.swift */,
				75D639FD24B0F9910076BC90 /* StartGameScene.sks */,
				7527E0D224B021E700DA2F41 /* Main.storyboard */,
				7527E0D524B021E900DA2F41 /* Assets.xcassets */,
				7527E0D724B021E900DA2F41 /* LaunchScreen.storyboard */,
				7527E0DA24B021E900DA2F41 /* Info.plist */,
			);
			path = ARSpaceInvader;
			sourceTree = "<group>";
		};
		7527E0E224B021E900DA2F41 /* ARSpaceInvaderTests */ = {
			isa = PBXGroup;
			children = (
				7527E0E324B021E900DA2F41 /* ARSpaceInvaderTests.swift */,
				7527E0E524B021E900DA2F41 /* Info.plist */,
			);
			path = ARSpaceInvaderTests;
			sourceTree = "<group>";
		};
		7527E0ED24B021E900DA2F41 /* ARSpaceInvaderUITests */ = {
			isa = PBXGroup;
			children = (
				7527E0EE24B021E900DA2F41 /* ARSpaceInvaderUITests.swift */,
				7527E0F024B021E900DA2F41 /* Info.plist */,
			);
			path = ARSpaceInvaderUITests;
			sourceTree = "<group>";
		};
		75AD586624B090E50012278F /* Sound */ = {
			isa = PBXGroup;
			children = (
				75AD586724B091030012278F /* sfx_weapon_shotgun1.wav */,
			);
			path = Sound;
			sourceTree = "<group>";
		};
/* End PBXGroup section */

/* Begin PBXNativeTarget section */
		7527E0C624B021E700DA2F41 /* ARSpaceInvader */ = {
			isa = PBXNativeTarget;
			buildConfigurationList = 7527E0F324B021E900DA2F41 /* Build configuration list for PBXNativeTarget "ARSpaceInvader" */;
			buildPhases = (
				7527E0C324B021E700DA2F41 /* Sources */,
				7527E0C424B021E700DA2F41 /* Frameworks */,
				7527E0C524B021E700DA2F41 /* Resources */,
			);
			buildRules = (
			);
			dependencies = (
			);
			name = ARSpaceInvader;
			productName = ARSpaceInvader;
			productReference = 7527E0C724B021E700DA2F41 /* ARSpaceInvader.app */;
			productType = "com.apple.product-type.application";
		};
		7527E0DE24B021E900DA2F41 /* ARSpaceInvaderTests */ = {
			isa = PBXNativeTarget;
			buildConfigurationList = 7527E0F624B021E900DA2F41 /* Build configuration list for PBXNativeTarget "ARSpaceInvaderTests" */;
			buildPhases = (
				7527E0DB24B021E900DA2F41 /* Sources */,
				7527E0DC24B021E900DA2F41 /* Frameworks */,
				7527E0DD24B021E900DA2F41 /* Resources */,
			);
			buildRules = (
			);
			dependencies = (
				7527E0E124B021E900DA2F41 /* PBXTargetDependency */,
			);
			name = ARSpaceInvaderTests;
			productName = ARSpaceInvaderTests;
			productReference = 7527E0DF24B021E900DA2F41 /* ARSpaceInvaderTests.xctest */;
			productType = "com.apple.product-type.bundle.unit-test";
		};
		7527E0E924B021E900DA2F41 /* ARSpaceInvaderUITests */ = {
			isa = PBXNativeTarget;
			buildConfigurationList = 7527E0F924B021E900DA2F41 /* Build configuration list for PBXNativeTarget "ARSpaceInvaderUITests" */;
			buildPhases = (
				7527E0E624B021E900DA2F41 /* Sources */,
				7527E0E724B021E900DA2F41 /* Frameworks */,
				7527E0E824B021E900DA2F41 /* Resources */,
			);
			buildRules = (
			);
			dependencies = (
				7527E0EC24B021E900DA2F41 /* PBXTargetDependency */,
			);
			name = ARSpaceInvaderUITests;
			productName = ARSpaceInvaderUITests;
			productReference = 7527E0EA24B021E900DA2F41 /* ARSpaceInvaderUITests.xctest */;
			productType = "com.apple.product-type.bundle.ui-testing";
		};
/* End PBXNativeTarget section */

/* Begin PBXProject section */
		7527E0BF24B021E700DA2F41 /* Project object */ = {
			isa = PBXProject;
			attributes = {
				LastSwiftUpdateCheck = 1150;
				LastUpgradeCheck = 1150;
				ORGANIZATIONNAME = "Fandrian Rhamadiansyah";
				TargetAttributes = {
					7527E0C624B021E700DA2F41 = {
						CreatedOnToolsVersion = 11.5;
					};
					7527E0DE24B021E900DA2F41 = {
						CreatedOnToolsVersion = 11.5;
						TestTargetID = 7527E0C624B021E700DA2F41;
					};
					7527E0E924B021E900DA2F41 = {
						CreatedOnToolsVersion = 11.5;
						TestTargetID = 7527E0C624B021E700DA2F41;
					};
				};
			};
			buildConfigurationList = 7527E0C224B021E700DA2F41 /* Build configuration list for PBXProject "ARSpaceInvader" */;
			compatibilityVersion = "Xcode 9.3";
			developmentRegion = en;
			hasScannedForEncodings = 0;
			knownRegions = (
				en,
				Base,
			);
			mainGroup = 7527E0BE24B021E700DA2F41;
			productRefGroup = 7527E0C824B021E700DA2F41 /* Products */;
			projectDirPath = "";
			projectRoot = "";
			targets = (
				7527E0C624B021E700DA2F41 /* ARSpaceInvader */,
				7527E0DE24B021E900DA2F41 /* ARSpaceInvaderTests */,
				7527E0E924B021E900DA2F41 /* ARSpaceInvaderUITests */,
			);
		};
/* End PBXProject section */

/* Begin PBXResourcesBuildPhase section */
		7527E0C524B021E700DA2F41 /* Resources */ = {
			isa = PBXResourcesBuildPhase;
			buildActionMask = 2147483647;
			files = (
				75AD586824B091030012278F /* sfx_weapon_shotgun1.wav in Resources */,
				7527E0CD24B021E700DA2F41 /* Scene.sks in Resources */,
				7527E0D924B021E900DA2F41 /* LaunchScreen.storyboard in Resources */,
				7527E0D624B021E900DA2F41 /* Assets.xcassets in Resources */,
				75D639FE24B0F9910076BC90 /* StartGameScene.sks in Resources */,
				75AD586A24B0EF490012278F /* GameOverScene.sks in Resources */,
				7527E0D424B021E700DA2F41 /* Main.storyboard in Resources */,
			);
			runOnlyForDeploymentPostprocessing = 0;
		};
		7527E0DD24B021E900DA2F41 /* Resources */ = {
			isa = PBXResourcesBuildPhase;
			buildActionMask = 2147483647;
			files = (
			);
			runOnlyForDeploymentPostprocessing = 0;
		};
		7527E0E824B021E900DA2F41 /* Resources */ = {
			isa = PBXResourcesBuildPhase;
			buildActionMask = 2147483647;
			files = (
			);
			runOnlyForDeploymentPostprocessing = 0;
		};
/* End PBXResourcesBuildPhase section */

/* Begin PBXSourcesBuildPhase section */
		7527E0C324B021E700DA2F41 /* Sources */ = {
			isa = PBXSourcesBuildPhase;
			buildActionMask = 2147483647;
			files = (
				75AD586E24B0F4B40012278F /* SpriteLibrary.swift in Sources */,
				75AD586C24B0EF8D0012278F /* GameOverScene.swift in Sources */,
				7527E0D124B021E700DA2F41 /* ViewController.swift in Sources */,
				7527E0CF24B021E700DA2F41 /* Scene.swift in Sources */,
				75D639FC24B0F84B0076BC90 /* StartGameScene.swift in Sources */,
				75AD586524B05B260012278F /* Anchor.swift in Sources */,
				7527E0CB24B021E700DA2F41 /* AppDelegate.swift in Sources */,
			);
			runOnlyForDeploymentPostprocessing = 0;
		};
		7527E0DB24B021E900DA2F41 /* Sources */ = {
			isa = PBXSourcesBuildPhase;
			buildActionMask = 2147483647;
			files = (
				7527E0E424B021E900DA2F41 /* ARSpaceInvaderTests.swift in Sources */,
			);
			runOnlyForDeploymentPostprocessing = 0;
		};
		7527E0E624B021E900DA2F41 /* Sources */ = {
			isa = PBXSourcesBuildPhase;
			buildActionMask = 2147483647;
			files = (
				7527E0EF24B021E900DA2F41 /* ARSpaceInvaderUITests.swift in Sources */,
			);
			runOnlyForDeploymentPostprocessing = 0;
		};
/* End PBXSourcesBuildPhase section */

/* Begin PBXTargetDependency section */
		7527E0E124B021E900DA2F41 /* PBXTargetDependency */ = {
			isa = PBXTargetDependency;
			target = 7527E0C624B021E700DA2F41 /* ARSpaceInvader */;
			targetProxy = 7527E0E024B021E900DA2F41 /* PBXContainerItemProxy */;
		};
		7527E0EC24B021E900DA2F41 /* PBXTargetDependency */ = {
			isa = PBXTargetDependency;
			target = 7527E0C624B021E700DA2F41 /* ARSpaceInvader */;
			targetProxy = 7527E0EB24B021E900DA2F41 /* PBXContainerItemProxy */;
		};
/* End PBXTargetDependency section */

/* Begin PBXVariantGroup section */
		7527E0D224B021E700DA2F41 /* Main.storyboard */ = {
			isa = PBXVariantGroup;
			children = (
				7527E0D324B021E700DA2F41 /* Base */,
			);
			name = Main.storyboard;
			sourceTree = "<group>";
		};
		7527E0D724B021E900DA2F41 /* LaunchScreen.storyboard */ = {
			isa = PBXVariantGroup;
			children = (
				7527E0D824B021E900DA2F41 /* Base */,
			);
			name = LaunchScreen.storyboard;
			sourceTree = "<group>";
		};
/* End PBXVariantGroup section */

/* Begin XCBuildConfiguration section */
		7527E0F124B021E900DA2F41 /* Debug */ = {
			isa = XCBuildConfiguration;
			buildSettings = {
				ALWAYS_SEARCH_USER_PATHS = NO;
				CLANG_ANALYZER_NONNULL = YES;
				CLANG_ANALYZER_NUMBER_OBJECT_CONVERSION = YES_AGGRESSIVE;
				CLANG_CXX_LANGUAGE_STANDARD = "gnu++14";
				CLANG_CXX_LIBRARY = "libc++";
				CLANG_ENABLE_MODULES = YES;
				CLANG_ENABLE_OBJC_ARC = YES;
				CLANG_ENABLE_OBJC_WEAK = YES;
				CLANG_WARN_BLOCK_CAPTURE_AUTORELEASING = YES;
				CLANG_WARN_BOOL_CONVERSION = YES;
				CLANG_WARN_COMMA = YES;
				CLANG_WARN_CONSTANT_CONVERSION = YES;
				CLANG_WARN_DEPRECATED_OBJC_IMPLEMENTATIONS = YES;
				CLANG_WARN_DIRECT_OBJC_ISA_USAGE = YES_ERROR;
				CLANG_WARN_DOCUMENTATION_COMMENTS = YES;
				CLANG_WARN_EMPTY_BODY = YES;
				CLANG_WARN_ENUM_CONVERSION = YES;
				CLANG_WARN_INFINITE_RECURSION = YES;
				CLANG_WARN_INT_CONVERSION = YES;
				CLANG_WARN_NON_LITERAL_NULL_CONVERSION = YES;
				CLANG_WARN_OBJC_IMPLICIT_RETAIN_SELF = YES;
				CLANG_WARN_OBJC_LITERAL_CONVERSION = YES;
				CLANG_WARN_OBJC_ROOT_CLASS = YES_ERROR;
				CLANG_WARN_RANGE_LOOP_ANALYSIS = YES;
				CLANG_WARN_STRICT_PROTOTYPES = YES;
				CLANG_WARN_SUSPICIOUS_MOVE = YES;
				CLANG_WARN_UNGUARDED_AVAILABILITY = YES_AGGRESSIVE;
				CLANG_WARN_UNREACHABLE_CODE = YES;
				CLANG_WARN__DUPLICATE_METHOD_MATCH = YES;
				COPY_PHASE_STRIP = NO;
				DEBUG_INFORMATION_FORMAT = dwarf;
				ENABLE_STRICT_OBJC_MSGSEND = YES;
				ENABLE_TESTABILITY = YES;
				GCC_C_LANGUAGE_STANDARD = gnu11;
				GCC_DYNAMIC_NO_PIC = NO;
				GCC_NO_COMMON_BLOCKS = YES;
				GCC_OPTIMIZATION_LEVEL = 0;
				GCC_PREPROCESSOR_DEFINITIONS = (
					"DEBUG=1",
					"$(inherited)",
				);
				GCC_WARN_64_TO_32_BIT_CONVERSION = YES;
				GCC_WARN_ABOUT_RETURN_TYPE = YES_ERROR;
				GCC_WARN_UNDECLARED_SELECTOR = YES;
				GCC_WARN_UNINITIALIZED_AUTOS = YES_AGGRESSIVE;
				GCC_WARN_UNUSED_FUNCTION = YES;
				GCC_WARN_UNUSED_VARIABLE = YES;
				IPHONEOS_DEPLOYMENT_TARGET = 13.5;
				MTL_ENABLE_DEBUG_INFO = INCLUDE_SOURCE;
				MTL_FAST_MATH = YES;
				ONLY_ACTIVE_ARCH = YES;
				SDKROOT = iphoneos;
				SWIFT_ACTIVE_COMPILATION_CONDITIONS = DEBUG;
				SWIFT_OPTIMIZATION_LEVEL = "-Onone";
			};
			name = Debug;
		};
		7527E0F224B021E900DA2F41 /* Release */ = {
			isa = XCBuildConfiguration;
			buildSettings = {
				ALWAYS_SEARCH_USER_PATHS = NO;
				CLANG_ANALYZER_NONNULL = YES;
				CLANG_ANALYZER_NUMBER_OBJECT_CONVERSION = YES_AGGRESSIVE;
				CLANG_CXX_LANGUAGE_STANDARD = "gnu++14";
				CLANG_CXX_LIBRARY = "libc++";
				CLANG_ENABLE_MODULES = YES;
				CLANG_ENABLE_OBJC_ARC = YES;
				CLANG_ENABLE_OBJC_WEAK = YES;
				CLANG_WARN_BLOCK_CAPTURE_AUTORELEASING = YES;
				CLANG_WARN_BOOL_CONVERSION = YES;
				CLANG_WARN_COMMA = YES;
				CLANG_WARN_CONSTANT_CONVERSION = YES;
				CLANG_WARN_DEPRECATED_OBJC_IMPLEMENTATIONS = YES;
				CLANG_WARN_DIRECT_OBJC_ISA_USAGE = YES_ERROR;
				CLANG_WARN_DOCUMENTATION_COMMENTS = YES;
				CLANG_WARN_EMPTY_BODY = YES;
				CLANG_WARN_ENUM_CONVERSION = YES;
				CLANG_WARN_INFINITE_RECURSION = YES;
				CLANG_WARN_INT_CONVERSION = YES;
				CLANG_WARN_NON_LITERAL_NULL_CONVERSION = YES;
				CLANG_WARN_OBJC_IMPLICIT_RETAIN_SELF = YES;
				CLANG_WARN_OBJC_LITERAL_CONVERSION = YES;
				CLANG_WARN_OBJC_ROOT_CLASS = YES_ERROR;
				CLANG_WARN_RANGE_LOOP_ANALYSIS = YES;
				CLANG_WARN_STRICT_PROTOTYPES = YES;
				CLANG_WARN_SUSPICIOUS_MOVE = YES;
				CLANG_WARN_UNGUARDED_AVAILABILITY = YES_AGGRESSIVE;
				CLANG_WARN_UNREACHABLE_CODE = YES;
				CLANG_WARN__DUPLICATE_METHOD_MATCH = YES;
				COPY_PHASE_STRIP = NO;
				DEBUG_INFORMATION_FORMAT = "dwarf-with-dsym";
				ENABLE_NS_ASSERTIONS = NO;
				ENABLE_STRICT_OBJC_MSGSEND = YES;
				GCC_C_LANGUAGE_STANDARD = gnu11;
				GCC_NO_COMMON_BLOCKS = YES;
				GCC_WARN_64_TO_32_BIT_CONVERSION = YES;
				GCC_WARN_ABOUT_RETURN_TYPE = YES_ERROR;
				GCC_WARN_UNDECLARED_SELECTOR = YES;
				GCC_WARN_UNINITIALIZED_AUTOS = YES_AGGRESSIVE;
				GCC_WARN_UNUSED_FUNCTION = YES;
				GCC_WARN_UNUSED_VARIABLE = YES;
				IPHONEOS_DEPLOYMENT_TARGET = 13.5;
				MTL_ENABLE_DEBUG_INFO = NO;
				MTL_FAST_MATH = YES;
				SDKROOT = iphoneos;
				SWIFT_COMPILATION_MODE = wholemodule;
				SWIFT_OPTIMIZATION_LEVEL = "-O";
				VALIDATE_PRODUCT = YES;
			};
			name = Release;
		};
		7527E0F424B021E900DA2F41 /* Debug */ = {
			isa = XCBuildConfiguration;
			buildSettings = {
				ASSETCATALOG_COMPILER_APPICON_NAME = AppIcon;
				CODE_SIGN_STYLE = Automatic;
				DEVELOPMENT_TEAM = JPMPS53HUZ;
				INFOPLIST_FILE = ARSpaceInvader/Info.plist;
				LD_RUNPATH_SEARCH_PATHS = (
					"$(inherited)",
					"@executable_path/Frameworks",
				);
				PRODUCT_BUNDLE_IDENTIFIER = com.DeveloperAcademy.selfProject.ARSpaceInvader;
				PRODUCT_NAME = "$(TARGET_NAME)";
				SWIFT_VERSION = 5.0;
				TARGETED_DEVICE_FAMILY = "1,2";
			};
			name = Debug;
		};
		7527E0F524B021E900DA2F41 /* Release */ = {
			isa = XCBuildConfiguration;
			buildSettings = {
				ASSETCATALOG_COMPILER_APPICON_NAME = AppIcon;
				CODE_SIGN_STYLE = Automatic;
				DEVELOPMENT_TEAM = JPMPS53HUZ;
				INFOPLIST_FILE = ARSpaceInvader/Info.plist;
				LD_RUNPATH_SEARCH_PATHS = (
					"$(inherited)",
					"@executable_path/Frameworks",
				);
				PRODUCT_BUNDLE_IDENTIFIER = com.DeveloperAcademy.selfProject.ARSpaceInvader;
				PRODUCT_NAME = "$(TARGET_NAME)";
				SWIFT_VERSION = 5.0;
				TARGETED_DEVICE_FAMILY = "1,2";
			};
			name = Release;
		};
		7527E0F724B021E900DA2F41 /* Debug */ = {
			isa = XCBuildConfiguration;
			buildSettings = {
				ALWAYS_EMBED_SWIFT_STANDARD_LIBRARIES = YES;
				BUNDLE_LOADER = "$(TEST_HOST)";
				CODE_SIGN_STYLE = Automatic;
				DEVELOPMENT_TEAM = JPMPS53HUZ;
				INFOPLIST_FILE = ARSpaceInvaderTests/Info.plist;
				IPHONEOS_DEPLOYMENT_TARGET = 13.5;
				LD_RUNPATH_SEARCH_PATHS = (
					"$(inherited)",
					"@executable_path/Frameworks",
					"@loader_path/Frameworks",
				);
				PRODUCT_BUNDLE_IDENTIFIER = com.DeveloperAcademy.selfProject.ARSpaceInvaderTests;
				PRODUCT_NAME = "$(TARGET_NAME)";
				SWIFT_VERSION = 5.0;
				TARGETED_DEVICE_FAMILY = "1,2";
				TEST_HOST = "$(BUILT_PRODUCTS_DIR)/ARSpaceInvader.app/ARSpaceInvader";
			};
			name = Debug;
		};
		7527E0F824B021E900DA2F41 /* Release */ = {
			isa = XCBuildConfiguration;
			buildSettings = {
				ALWAYS_EMBED_SWIFT_STANDARD_LIBRARIES = YES;
				BUNDLE_LOADER = "$(TEST_HOST)";
				CODE_SIGN_STYLE = Automatic;
				DEVELOPMENT_TEAM = JPMPS53HUZ;
				INFOPLIST_FILE = ARSpaceInvaderTests/Info.plist;
				IPHONEOS_DEPLOYMENT_TARGET = 13.5;
				LD_RUNPATH_SEARCH_PATHS = (
					"$(inherited)",
					"@executable_path/Frameworks",
					"@loader_path/Frameworks",
				);
				PRODUCT_BUNDLE_IDENTIFIER = com.DeveloperAcademy.selfProject.ARSpaceInvaderTests;
				PRODUCT_NAME = "$(TARGET_NAME)";
				SWIFT_VERSION = 5.0;
				TARGETED_DEVICE_FAMILY = "1,2";
				TEST_HOST = "$(BUILT_PRODUCTS_DIR)/ARSpaceInvader.app/ARSpaceInvader";
			};
			name = Release;
		};
		7527E0FA24B021E900DA2F41 /* Debug */ = {
			isa = XCBuildConfiguration;
			buildSettings = {
				ALWAYS_EMBED_SWIFT_STANDARD_LIBRARIES = YES;
				CODE_SIGN_STYLE = Automatic;
				DEVELOPMENT_TEAM = JPMPS53HUZ;
				INFOPLIST_FILE = ARSpaceInvaderUITests/Info.plist;
				LD_RUNPATH_SEARCH_PATHS = (
					"$(inherited)",
					"@executable_path/Frameworks",
					"@loader_path/Frameworks",
				);
				PRODUCT_BUNDLE_IDENTIFIER = com.DeveloperAcademy.selfProject.ARSpaceInvaderUITests;
				PRODUCT_NAME = "$(TARGET_NAME)";
				SWIFT_VERSION = 5.0;
				TARGETED_DEVICE_FAMILY = "1,2";
				TEST_TARGET_NAME = ARSpaceInvader;
			};
			name = Debug;
		};
		7527E0FB24B021E900DA2F41 /* Release */ = {
			isa = XCBuildConfiguration;
			buildSettings = {
				ALWAYS_EMBED_SWIFT_STANDARD_LIBRARIES = YES;
				CODE_SIGN_STYLE = Automatic;
				DEVELOPMENT_TEAM = JPMPS53HUZ;
				INFOPLIST_FILE = ARSpaceInvaderUITests/Info.plist;
				LD_RUNPATH_SEARCH_PATHS = (
					"$(inherited)",
					"@executable_path/Frameworks",
					"@loader_path/Frameworks",
				);
				PRODUCT_BUNDLE_IDENTIFIER = com.DeveloperAcademy.selfProject.ARSpaceInvaderUITests;
				PRODUCT_NAME = "$(TARGET_NAME)";
				SWIFT_VERSION = 5.0;
				TARGETED_DEVICE_FAMILY = "1,2";
				TEST_TARGET_NAME = ARSpaceInvader;
			};
			name = Release;
		};
/* End XCBuildConfiguration section */

/* Begin XCConfigurationList section */
		7527E0C224B021E700DA2F41 /* Build configuration list for PBXProject "ARSpaceInvader" */ = {
			isa = XCConfigurationList;
			buildConfigurations = (
				7527E0F124B021E900DA2F41 /* Debug */,
				7527E0F224B021E900DA2F41 /* Release */,
			);
			defaultConfigurationIsVisible = 0;
			defaultConfigurationName = Release;
		};
		7527E0F324B021E900DA2F41 /* Build configuration list for PBXNativeTarget "ARSpaceInvader" */ = {
			isa = XCConfigurationList;
			buildConfigurations = (
				7527E0F424B021E900DA2F41 /* Debug */,
				7527E0F524B021E900DA2F41 /* Release */,
			);
			defaultConfigurationIsVisible = 0;
			defaultConfigurationName = Release;
		};
		7527E0F624B021E900DA2F41 /* Build configuration list for PBXNativeTarget "ARSpaceInvaderTests" */ = {
			isa = XCConfigurationList;
			buildConfigurations = (
				7527E0F724B021E900DA2F41 /* Debug */,
				7527E0F824B021E900DA2F41 /* Release */,
			);
			defaultConfigurationIsVisible = 0;
			defaultConfigurationName = Release;
		};
		7527E0F924B021E900DA2F41 /* Build configuration list for PBXNativeTarget "ARSpaceInvaderUITests" */ = {
			isa = XCConfigurationList;
			buildConfigurations = (
				7527E0FA24B021E900DA2F41 /* Debug */,
				7527E0FB24B021E900DA2F41 /* Release */,
			);
			defaultConfigurationIsVisible = 0;
			defaultConfigurationName = Release;
		};
/* End XCConfigurationList section */
	};
	rootObject = 7527E0BF24B021E700DA2F41 /* Project object */;
}
